
Microsoft Visual Studio Solution File, Format Version 12.00
Project("{FAE04EC0-301F-11D3-BF4B-00C04F79EFBC}") = "StudentEnrollment", "StudentEnrollment.csproj", "{479072BF-A19C-441D-94F8-0768DFC3E6CA}"
EndProject
Global
	GlobalSection(SolutionConfigurationPlatforms) = preSolution
		Debug|Any CPU = Debug|Any CPU
		Release|Any CPU = Release|Any CPU
	EndGlobalSection
	GlobalSection(ProjectConfigurationPlatforms) = postSolution
		{479072BF-A19C-441D-94F8-0768DFC3E6CA}.Debug|Any CPU.ActiveCfg = Debug|Any CPU
		{479072BF-A19C-441D-94F8-0768DFC3E6CA}.Debug|Any CPU.Build.0 = Debug|Any CPU
		{479072BF-A19C-441D-94F8-0768DFC3E6CA}.Release|Any CPU.ActiveCfg = Release|Any CPU
		{479072BF-A19C-441D-94F8-0768DFC3E6CA}.Release|Any CPU.Build.0 = Release|Any CPU
	EndGlobalSection
EndGlobal
